
Microsoft Visual Studio Solution File, Format Version 12.00
Project("{FAE04EC0-301F-11D3-BF4B-00C04F79EFBC}") = "NunitParallel", "NunitParallel\NunitParallel.csproj", "{88D56DE4-71F2-46C7-8C1A-79584E83C3F5}"
EndProject
Project("{FAE04EC0-301F-11D3-BF4B-00C04F79EFBC}") = "TestProject2", "TestProject2\TestProject2.csproj", "{1B804A5E-4EDB-497C-A1B8-184B9325B05A}"
EndProject
Project("{FAE04EC0-301F-11D3-BF4B-00C04F79EFBC}") = "XunitTests", "XunitTests\XunitTests.csproj", "{B34740E7-4CD2-4DE1-9CE6-58F52E872984}"
EndProject
Project("{FAE04EC0-301F-11D3-BF4B-00C04F79EFBC}") = "XunitTests2", "XunitTests2\XunitTests2.csproj", "{3DDB776D-5B82-4D36-B314-358C3FEDF17F}"
EndProject
Project("{FAE04EC0-301F-11D3-BF4B-00C04F79EFBC}") = "IntegrationTests", "IntegrationTests\IntegrationTests.csproj", "{2DA31EC1-0E3E-4827-8869-11DCFF9D2EC9}"
EndProject
Project("{FAE04EC0-301F-11D3-BF4B-00C04F79EFBC}") = "Coed", "Coed\Coed.csproj", "{B2251778-AD99-4E70-912E-4CA99705A614}"
EndProject
Global
	GlobalSection(SolutionConfigurationPlatforms) = preSolution
		Debug|Any CPU = Debug|Any CPU
		Release|Any CPU = Release|Any CPU
	EndGlobalSection
	GlobalSection(ProjectConfigurationPlatforms) = postSolution
		{88D56DE4-71F2-46C7-8C1A-79584E83C3F5}.Debug|Any CPU.ActiveCfg = Debug|Any CPU
		{88D56DE4-71F2-46C7-8C1A-79584E83C3F5}.Debug|Any CPU.Build.0 = Debug|Any CPU
		{88D56DE4-71F2-46C7-8C1A-79584E83C3F5}.Release|Any CPU.ActiveCfg = Release|Any CPU
		{88D56DE4-71F2-46C7-8C1A-79584E83C3F5}.Release|Any CPU.Build.0 = Release|Any CPU
		{1B804A5E-4EDB-497C-A1B8-184B9325B05A}.Debug|Any CPU.ActiveCfg = Debug|Any CPU
		{1B804A5E-4EDB-497C-A1B8-184B9325B05A}.Debug|Any CPU.Build.0 = Debug|Any CPU
		{1B804A5E-4EDB-497C-A1B8-184B9325B05A}.Release|Any CPU.ActiveCfg = Release|Any CPU
		{1B804A5E-4EDB-497C-A1B8-184B9325B05A}.Release|Any CPU.Build.0 = Release|Any CPU
		{B34740E7-4CD2-4DE1-9CE6-58F52E872984}.Debug|Any CPU.ActiveCfg = Debug|Any CPU
		{B34740E7-4CD2-4DE1-9CE6-58F52E872984}.Debug|Any CPU.Build.0 = Debug|Any CPU
		{B34740E7-4CD2-4DE1-9CE6-58F52E872984}.Release|Any CPU.ActiveCfg = Release|Any CPU
		{B34740E7-4CD2-4DE1-9CE6-58F52E872984}.Release|Any CPU.Build.0 = Release|Any CPU
		{3DDB776D-5B82-4D36-B314-358C3FEDF17F}.Debug|Any CPU.ActiveCfg = Debug|Any CPU
		{3DDB776D-5B82-4D36-B314-358C3FEDF17F}.Debug|Any CPU.Build.0 = Debug|Any CPU
		{3DDB776D-5B82-4D36-B314-358C3FEDF17F}.Release|Any CPU.ActiveCfg = Release|Any CPU
		{3DDB776D-5B82-4D36-B314-358C3FEDF17F}.Release|Any CPU.Build.0 = Release|Any CPU
		{2DA31EC1-0E3E-4827-8869-11DCFF9D2EC9}.Debug|Any CPU.ActiveCfg = Debug|Any CPU
		{2DA31EC1-0E3E-4827-8869-11DCFF9D2EC9}.Debug|Any CPU.Build.0 = Debug|Any CPU
		{2DA31EC1-0E3E-4827-8869-11DCFF9D2EC9}.Release|Any CPU.ActiveCfg = Release|Any CPU
		{2DA31EC1-0E3E-4827-8869-11DCFF9D2EC9}.Release|Any CPU.Build.0 = Release|Any CPU
		{B2251778-AD99-4E70-912E-4CA99705A614}.Debug|Any CPU.ActiveCfg = Debug|Any CPU
		{B2251778-AD99-4E70-912E-4CA99705A614}.Debug|Any CPU.Build.0 = Debug|Any CPU
		{B2251778-AD99-4E70-912E-4CA99705A614}.Release|Any CPU.ActiveCfg = Release|Any CPU
		{B2251778-AD99-4E70-912E-4CA99705A614}.Release|Any CPU.Build.0 = Release|Any CPU
	EndGlobalSection
EndGlobal
